
Microsoft Visual Studio Solution File, Format Version 12.00
# Visual Studio 15
VisualStudioVersion = 15.0.28307.572
MinimumVisualStudioVersion = 10.0.40219.1
Project("{FAE04EC0-301F-11D3-BF4B-00C04F79EFBC}") = "CreateNewEmployee", "CreateNewEmployee\CreateNewEmployee.csproj", "{1FB6B2B6-F63C-45F6-9559-45FD373F922C}"
EndProject
Global
	GlobalSection(SolutionConfigurationPlatforms) = preSolution
		Debug|Any CPU = Debug|Any CPU
		Release|Any CPU = Release|Any CPU
	EndGlobalSection
	GlobalSection(ProjectConfigurationPlatforms) = postSolution
		{1FB6B2B6-F63C-45F6-9559-45FD373F922C}.Debug|Any CPU.ActiveCfg = Debug|Any CPU
		{1FB6B2B6-F63C-45F6-9559-45FD373F922C}.Debug|Any CPU.Build.0 = Debug|Any CPU
		{1FB6B2B6-F63C-45F6-9559-45FD373F922C}.Release|Any CPU.ActiveCfg = Release|Any CPU
		{1FB6B2B6-F63C-45F6-9559-45FD373F922C}.Release|Any CPU.Build.0 = Release|Any CPU
	EndGlobalSection
	GlobalSection(SolutionProperties) = preSolution
		HideSolutionNode = FALSE
	EndGlobalSection
	GlobalSection(ExtensibilityGlobals) = postSolution
		SolutionGuid = {69F00036-2A64-4AB1-9B45-08C1667D3CB2}
	EndGlobalSection
EndGlobal
